
Microsoft Visual Studio Solution File, Format Version 12.00
# Visual Studio 2013
VisualStudioVersion = 12.0.21005.1
MinimumVisualStudioVersion = 10.0.40219.1
Project("{FAE04EC0-301F-11D3-BF4B-00C04F79EFBC}") = "TJ.Dominio", "TJ.Dominio\TJ.Dominio.csproj", "{B3E89431-18CC-4948-9788-F86A30A42BCF}"
EndProject
Project("{FAE04EC0-301F-11D3-BF4B-00C04F79EFBC}") = "TJ.Dados", "TJ.Dados\TJ.Dados.csproj", "{94EB1934-86D1-4641-9F33-DBD9A0D09E54}"
EndProject
Project("{FAE04EC0-301F-11D3-BF4B-00C04F79EFBC}") = "TJ.Apresentacao", "TJ.Apresentacao\TJ.Apresentacao.csproj", "{F972EAB2-3897-4059-8965-9C9D7E743E72}"
EndProject
Project("{FAE04EC0-301F-11D3-BF4B-00C04F79EFBC}") = "TJ.View", "TJ.View\TJ.View.csproj", "{52024C0D-2F6A-4B2D-9D67-B0D7C59C95A2}"
EndProject
Global
	GlobalSection(SolutionConfigurationPlatforms) = preSolution
		Debug|Any CPU = Debug|Any CPU
		Release|Any CPU = Release|Any CPU
	EndGlobalSection
	GlobalSection(ProjectConfigurationPlatforms) = postSolution
		{B3E89431-18CC-4948-9788-F86A30A42BCF}.Debug|Any CPU.ActiveCfg = Debug|Any CPU
		{B3E89431-18CC-4948-9788-F86A30A42BCF}.Debug|Any CPU.Build.0 = Debug|Any CPU
		{B3E89431-18CC-4948-9788-F86A30A42BCF}.Release|Any CPU.ActiveCfg = Release|Any CPU
		{B3E89431-18CC-4948-9788-F86A30A42BCF}.Release|Any CPU.Build.0 = Release|Any CPU
		{94EB1934-86D1-4641-9F33-DBD9A0D09E54}.Debug|Any CPU.ActiveCfg = Debug|Any CPU
		{94EB1934-86D1-4641-9F33-DBD9A0D09E54}.Debug|Any CPU.Build.0 = Debug|Any CPU
		{94EB1934-86D1-4641-9F33-DBD9A0D09E54}.Release|Any CPU.ActiveCfg = Release|Any CPU
		{94EB1934-86D1-4641-9F33-DBD9A0D09E54}.Release|Any CPU.Build.0 = Release|Any CPU
		{F972EAB2-3897-4059-8965-9C9D7E743E72}.Debug|Any CPU.ActiveCfg = Debug|Any CPU
		{F972EAB2-3897-4059-8965-9C9D7E743E72}.Debug|Any CPU.Build.0 = Debug|Any CPU
		{F972EAB2-3897-4059-8965-9C9D7E743E72}.Release|Any CPU.ActiveCfg = Release|Any CPU
		{F972EAB2-3897-4059-8965-9C9D7E743E72}.Release|Any CPU.Build.0 = Release|Any CPU
		{52024C0D-2F6A-4B2D-9D67-B0D7C59C95A2}.Debug|Any CPU.ActiveCfg = Debug|Any CPU
		{52024C0D-2F6A-4B2D-9D67-B0D7C59C95A2}.Debug|Any CPU.Build.0 = Debug|Any CPU
		{52024C0D-2F6A-4B2D-9D67-B0D7C59C95A2}.Release|Any CPU.ActiveCfg = Release|Any CPU
		{52024C0D-2F6A-4B2D-9D67-B0D7C59C95A2}.Release|Any CPU.Build.0 = Release|Any CPU
	EndGlobalSection
	GlobalSection(SolutionProperties) = preSolution
		HideSolutionNode = FALSE
	EndGlobalSection
EndGlobal
